
Microsoft Visual Studio Solution File, Format Version 12.00
# Visual Studio 15
VisualStudioVersion = 15.0.27428.2037
MinimumVisualStudioVersion = 10.0.40219.1
Project("{FAE04EC0-301F-11D3-BF4B-00C04F79EFBC}") = "MarketWatchApp", "WpfApp1\MarketWatchApp.csproj", "{B2A822D0-5AFC-4621-B1E7-F14FC8717F4C}"
EndProject
Global
	GlobalSection(SolutionConfigurationPlatforms) = preSolution
		Debug|Any CPU = Debug|Any CPU
		Release|Any CPU = Release|Any CPU
	EndGlobalSection
	GlobalSection(ProjectConfigurationPlatforms) = postSolution
		{B2A822D0-5AFC-4621-B1E7-F14FC8717F4C}.Debug|Any CPU.ActiveCfg = Debug|Any CPU
		{B2A822D0-5AFC-4621-B1E7-F14FC8717F4C}.Debug|Any CPU.Build.0 = Debug|Any CPU
		{B2A822D0-5AFC-4621-B1E7-F14FC8717F4C}.Release|Any CPU.ActiveCfg = Release|Any CPU
		{B2A822D0-5AFC-4621-B1E7-F14FC8717F4C}.Release|Any CPU.Build.0 = Release|Any CPU
	EndGlobalSection
	GlobalSection(SolutionProperties) = preSolution
		HideSolutionNode = FALSE
	EndGlobalSection
	GlobalSection(ExtensibilityGlobals) = postSolution
		SolutionGuid = {B3018FFB-A5F0-4B4B-953F-A42056C9570F}
	EndGlobalSection
EndGlobal
